# This file is automatically @generated by Cargo.
# It is not intended for manual editing.
[[package]]
name = "aoc2019"
version = "0.1.0"
dependencies = [
 "benchtest 0.1.1 (registry+https://github.com/rust-lang/crates.io-index)",
]

[[package]]
name = "benchtest"
version = "0.1.1"
source = "registry+https://github.com/rust-lang/crates.io-index"

[metadata]
"checksum benchtest 0.1.1 (registry+https://github.com/rust-lang/crates.io-index)" = "2c96c6cdea4a09d7c819992ce5072c1241a474beb675c0cfcc62cc493a7e877a"
